
Microsoft Visual Studio Solution File, Format Version 12.00
# Visual Studio Version 16
VisualStudioVersion = 16.0.30611.23
MinimumVisualStudioVersion = 10.0.40219.1
Project("{FAE04EC0-301F-11D3-BF4B-00C04F79EFBC}") = "kaptast-formula1-api", "kaptast-formula1-api.csproj", "{151F90AD-3878-4AF2-83DC-C217FA78BD88}"
EndProject
Project("{FAE04EC0-301F-11D3-BF4B-00C04F79EFBC}") = "kaptast-formula1-api.Repository", "..\kaptast-formula1-api.Repository\kaptast-formula1-api.Repository.csproj", "{B9B29196-940C-40E0-B4D8-CEB5366F0FD5}"
EndProject
Global
	GlobalSection(SolutionConfigurationPlatforms) = preSolution
		Debug|Any CPU = Debug|Any CPU
		Release|Any CPU = Release|Any CPU
	EndGlobalSection
	GlobalSection(ProjectConfigurationPlatforms) = postSolution
		{151F90AD-3878-4AF2-83DC-C217FA78BD88}.Debug|Any CPU.ActiveCfg = Debug|Any CPU
		{151F90AD-3878-4AF2-83DC-C217FA78BD88}.Debug|Any CPU.Build.0 = Debug|Any CPU
		{151F90AD-3878-4AF2-83DC-C217FA78BD88}.Release|Any CPU.ActiveCfg = Release|Any CPU
		{151F90AD-3878-4AF2-83DC-C217FA78BD88}.Release|Any CPU.Build.0 = Release|Any CPU
		{B9B29196-940C-40E0-B4D8-CEB5366F0FD5}.Debug|Any CPU.ActiveCfg = Debug|Any CPU
		{B9B29196-940C-40E0-B4D8-CEB5366F0FD5}.Debug|Any CPU.Build.0 = Debug|Any CPU
		{B9B29196-940C-40E0-B4D8-CEB5366F0FD5}.Release|Any CPU.ActiveCfg = Release|Any CPU
		{B9B29196-940C-40E0-B4D8-CEB5366F0FD5}.Release|Any CPU.Build.0 = Release|Any CPU
	EndGlobalSection
	GlobalSection(SolutionProperties) = preSolution
		HideSolutionNode = FALSE
	EndGlobalSection
	GlobalSection(ExtensibilityGlobals) = postSolution
		SolutionGuid = {6980661D-8685-4BAC-BA86-9D1513F827A3}
	EndGlobalSection
EndGlobal
